
Microsoft Visual Studio Solution File, Format Version 12.00
# Visual Studio Version 17
VisualStudioVersion = 17.4.33205.214
MinimumVisualStudioVersion = 10.0.40219.1
Project("{FAE04EC0-301F-11D3-BF4B-00C04F79EFBC}") = "BlumMicali", "BlumMicali\BlumMicali.csproj", "{216C34B6-888A-4893-A9F9-AA486FC0F042}"
EndProject
Global
	GlobalSection(SolutionConfigurationPlatforms) = preSolution
		Debug|Any CPU = Debug|Any CPU
		Release|Any CPU = Release|Any CPU
	EndGlobalSection
	GlobalSection(ProjectConfigurationPlatforms) = postSolution
		{216C34B6-888A-4893-A9F9-AA486FC0F042}.Debug|Any CPU.ActiveCfg = Debug|Any CPU
		{216C34B6-888A-4893-A9F9-AA486FC0F042}.Debug|Any CPU.Build.0 = Debug|Any CPU
		{216C34B6-888A-4893-A9F9-AA486FC0F042}.Release|Any CPU.ActiveCfg = Release|Any CPU
		{216C34B6-888A-4893-A9F9-AA486FC0F042}.Release|Any CPU.Build.0 = Release|Any CPU
	EndGlobalSection
	GlobalSection(SolutionProperties) = preSolution
		HideSolutionNode = FALSE
	EndGlobalSection
	GlobalSection(ExtensibilityGlobals) = postSolution
		SolutionGuid = {459AC578-3091-47E9-ADDC-1E5792C589A2}
	EndGlobalSection
EndGlobal
